{
  "name": "tungsten-oxide",
  "version": "0.1.0",
  "lockfileVersion": 3,
  "requires": true,
  "packages": {
    "": {
      "name": "tungsten-oxide",
      "version": "0.1.0",
      "dependencies": {
        "@willpower/geometry": "file:ext/geoemetry-js"
      }
    },
    "ext/geoemetry-js": {
      "name": "@willpower/geometry",
      "version": "0.1.0",
      "license": "UNLICENSED"
    },
    "node_modules/@willpower/geometry": {
      "resolved": "ext/geoemetry-js",
      "link": true
    }
  }
}
